
Microsoft Visual Studio Solution File, Format Version 12.00
# Visual Studio Version 16
VisualStudioVersion = 16.0.31205.134
MinimumVisualStudioVersion = 10.0.40219.1
Project("{9A19103F-16F7-4668-BE54-9A1E7A4F7556}") = "10_White_Flight", "10_White_Flight.csproj", "{179A3FC4-781B-4C57-82F8-9F437987863D}"
EndProject
Project("{9A19103F-16F7-4668-BE54-9A1E7A4F7556}") = "02_rovnice_n_neznamych", "..\02_rovnice_n_neznamych\02_rovnice_n_neznamych.csproj", "{1003C3BF-7D13-4FC3-AA11-81C338F8D8B0}"
EndProject
Global
	GlobalSection(SolutionConfigurationPlatforms) = preSolution
		Debug|Any CPU = Debug|Any CPU
		Release|Any CPU = Release|Any CPU
	EndGlobalSection
	GlobalSection(ProjectConfigurationPlatforms) = postSolution
		{179A3FC4-781B-4C57-82F8-9F437987863D}.Debug|Any CPU.ActiveCfg = Debug|Any CPU
		{179A3FC4-781B-4C57-82F8-9F437987863D}.Debug|Any CPU.Build.0 = Debug|Any CPU
		{179A3FC4-781B-4C57-82F8-9F437987863D}.Release|Any CPU.ActiveCfg = Release|Any CPU
		{179A3FC4-781B-4C57-82F8-9F437987863D}.Release|Any CPU.Build.0 = Release|Any CPU
		{1003C3BF-7D13-4FC3-AA11-81C338F8D8B0}.Debug|Any CPU.ActiveCfg = Debug|Any CPU
		{1003C3BF-7D13-4FC3-AA11-81C338F8D8B0}.Debug|Any CPU.Build.0 = Debug|Any CPU
		{1003C3BF-7D13-4FC3-AA11-81C338F8D8B0}.Release|Any CPU.ActiveCfg = Release|Any CPU
		{1003C3BF-7D13-4FC3-AA11-81C338F8D8B0}.Release|Any CPU.Build.0 = Release|Any CPU
	EndGlobalSection
	GlobalSection(SolutionProperties) = preSolution
		HideSolutionNode = FALSE
	EndGlobalSection
	GlobalSection(ExtensibilityGlobals) = postSolution
		SolutionGuid = {414E5982-2C25-414C-87D7-6570327594BF}
	EndGlobalSection
EndGlobal
